<?xml version="1.0" encoding="utf-8"?>
<Project ToolsVersion="18.0" xmlns="http://schemas.microsoft.com/developer/msbuild/2003">
  <ItemGroup>
    <CustomBuild Include="C:\Users\ppshuai\Downloads\exiv2-main\exiv2-main\vsproj64\CMakeFiles\7c5fd5133c5bf0ff2dec2ef4d4ca1aea\RUN_TESTS_force.rule">
      <Filter>CMake Rules</Filter>
    </CustomBuild>
  </ItemGroup>
  <ItemGroup>
    <Filter Include="CMake Rules">
      <UniqueIdentifier>{CCC9A87A-75D6-3D38-AC58-DD957602C054}</UniqueIdentifier>
    </Filter>
  </ItemGroup>
</Project>
